
Microsoft Visual Studio Solution File, Format Version 12.00
# Visual Studio 15
VisualStudioVersion = 15.0.27428.2005
MinimumVisualStudioVersion = 10.0.40219.1
Project("{8BC9CEB8-8B4A-11D0-8D11-00A0C91BC942}") = "QWERTY", "QWERTY.vcxproj", "{6AC62851-D54E-4428-A4BE-6666C767B5F8}"
EndProject
Global
	GlobalSection(SolutionConfigurationPlatforms) = preSolution
		Debug|x64 = Debug|x64
		Debug|x86 = Debug|x86
		Release|x64 = Release|x64
		Release|x86 = Release|x86
	EndGlobalSection
	GlobalSection(ProjectConfigurationPlatforms) = postSolution
		{6AC62851-D54E-4428-A4BE-6666C767B5F8}.Debug|x64.ActiveCfg = Debug|x64
		{6AC62851-D54E-4428-A4BE-6666C767B5F8}.Debug|x64.Build.0 = Debug|x64
		{6AC62851-D54E-4428-A4BE-6666C767B5F8}.Debug|x86.ActiveCfg = Debug|Win32
		{6AC62851-D54E-4428-A4BE-6666C767B5F8}.Debug|x86.Build.0 = Debug|Win32
		{6AC62851-D54E-4428-A4BE-6666C767B5F8}.Release|x64.ActiveCfg = Release|x64
		{6AC62851-D54E-4428-A4BE-6666C767B5F8}.Release|x64.Build.0 = Release|x64
		{6AC62851-D54E-4428-A4BE-6666C767B5F8}.Release|x86.ActiveCfg = Release|Win32
		{6AC62851-D54E-4428-A4BE-6666C767B5F8}.Release|x86.Build.0 = Release|Win32
	EndGlobalSection
	GlobalSection(SolutionProperties) = preSolution
		HideSolutionNode = FALSE
	EndGlobalSection
	GlobalSection(ExtensibilityGlobals) = postSolution
		SolutionGuid = {DF1F473F-871F-4080-8509-49968F75F15C}
	EndGlobalSection
EndGlobal
